
Microsoft Visual Studio Solution File, Format Version 12.00
# Visual Studio Version 16
VisualStudioVersion = 16.0.30204.135
MinimumVisualStudioVersion = 10.0.40219.1
Project("{FAE04EC0-301F-11D3-BF4B-00C04F79EFBC}") = "ASP_NET_AutoGeneratedController_Views", "ASP_NET_AutoGeneratedController_Views.csproj", "{04AD8123-1F16-47C9-9F6D-8EB35469F706}"
EndProject
Global
	GlobalSection(SolutionConfigurationPlatforms) = preSolution
		Debug|Any CPU = Debug|Any CPU
		Release|Any CPU = Release|Any CPU
	EndGlobalSection
	GlobalSection(ProjectConfigurationPlatforms) = postSolution
		{04AD8123-1F16-47C9-9F6D-8EB35469F706}.Debug|Any CPU.ActiveCfg = Debug|Any CPU
		{04AD8123-1F16-47C9-9F6D-8EB35469F706}.Debug|Any CPU.Build.0 = Debug|Any CPU
		{04AD8123-1F16-47C9-9F6D-8EB35469F706}.Release|Any CPU.ActiveCfg = Release|Any CPU
		{04AD8123-1F16-47C9-9F6D-8EB35469F706}.Release|Any CPU.Build.0 = Release|Any CPU
	EndGlobalSection
	GlobalSection(SolutionProperties) = preSolution
		HideSolutionNode = FALSE
	EndGlobalSection
	GlobalSection(ExtensibilityGlobals) = postSolution
		SolutionGuid = {7AD440C4-BD75-4AC3-8993-5028DB4B7CC5}
	EndGlobalSection
EndGlobal
